lockfileVersion: 5.3

specifiers:
  '@juggle/resize-observer': ^3.3.1
  '@react-three/fiber': ^7.0.6
  '@types/events': ^3.0.0
  '@types/react': ^17.0.38
  '@types/react-dom': ^17.0.11
  '@types/react-reconciler': ^0.26.4
  '@types/three': ^0.137.0
  events: ^3.3.0
  liqvid: ^2.0.10
  react: ^17.0.2
  react-dom: ^17.0.2
  strict-event-emitter-types: ^2.0.0
  three: ^0.137.5
  typescript: ^4.5.5

dependencies:
  '@juggle/resize-observer': 3.3.1
  '@types/events': 3.0.0
  '@types/react-reconciler': 0.26.4

devDependencies:
  '@react-three/fiber': 7.0.26_34b80ea473220ee91a0c6918b7b53ec9
  '@types/react': 17.0.38
  '@types/react-dom': 17.0.11
  '@types/three': 0.137.0
  events: 3.3.0
  liqvid: 2.0.10_e25ba9e8491ef99f11d224c26b48144e
  react: 17.0.2
  react-dom: 17.0.2_react@17.0.2
  strict-event-emitter-types: 2.0.0
  three: 0.137.5
  typescript: 4.5.5

packages:

  /@babel/runtime/7.16.7:
    resolution: {integrity: sha512-9E9FJowqAsytyOY6LG+1KuueckRL+aQW+mKvXRXnuFGyRAyepJPmEo9vgMfXUA6O9u3IeEdv9MAkppFcaQwogQ==}
    engines: {node: '>=6.9.0'}
    dependencies:
      regenerator-runtime: 0.13.9
    dev: true

  /@juggle/resize-observer/3.3.1:
    resolution: {integrity: sha512-zMM9Ds+SawiUkakS7y94Ymqx+S0ORzpG3frZirN3l+UlXUmSUR7hF4wxCVqW+ei94JzV5kt0uXBcoOEAuiydrw==}
    dev: false

  /@react-three/fiber/7.0.26_34b80ea473220ee91a0c6918b7b53ec9:
    resolution: {integrity: sha512-46NBais4fQIGcMGLBbOf84lp8y/cg73jOEVmAQQJqWX6iOVeNg29jYd15LBuCW2qPD1qDRU0rOfLbMDgwr/vxQ==}
    peerDependencies:
      react: '>=17.0'
      react-dom: '>=17.0'
      three: '>=0.133'
    peerDependenciesMeta:
      react-dom:
        optional: true
    dependencies:
      '@babel/runtime': 7.16.7
      react: 17.0.2
      react-dom: 17.0.2_react@17.0.2
      react-merge-refs: 1.1.0
      react-reconciler: 0.26.2_react@17.0.2
      react-three-fiber: 0.0.0-deprecated
      react-use-measure: 2.1.1_react-dom@17.0.2+react@17.0.2
      resize-observer-polyfill: 1.5.1
      scheduler: 0.20.2
      three: 0.137.5
      use-asset: 1.0.4_react@17.0.2
      utility-types: 3.10.0
      zustand: 3.6.9_react@17.0.2
    dev: true

  /@types/events/3.0.0:
    resolution: {integrity: sha512-EaObqwIvayI5a8dCzhFrjKzVwKLxjoG9T6Ppd5CEo07LRKfQ8Yokw54r5+Wq7FaBQ+yXRvQAYPrHwya1/UFt9g==}
    dev: false

  /@types/prop-types/15.7.4:
    resolution: {integrity: sha512-rZ5drC/jWjrArrS8BR6SIr4cWpW09RNTYt9AMZo3Jwwif+iacXAqgVjm0B0Bv/S1jhDXKHqRVNCbACkJ89RAnQ==}

  /@types/react-dom/17.0.11:
    resolution: {integrity: sha512-f96K3k+24RaLGVu/Y2Ng3e1EbZ8/cVJvypZWd7cy0ofCBaf2lcM46xNhycMZ2xGwbBjRql7hOlZ+e2WlJ5MH3Q==}
    dependencies:
      '@types/react': 17.0.38
    dev: true

  /@types/react-reconciler/0.26.4:
    resolution: {integrity: sha512-bdx4aIBkQRDAnzc23JBFeZmVpmfLJHfHikmQukEt9qs4bQtq9f+PDbNwhR9u74FkIUyIDz1I1qJ8OF6RwadKpw==}
    dependencies:
      '@types/react': 17.0.38
    dev: false

  /@types/react/17.0.38:
    resolution: {integrity: sha512-SI92X1IA+FMnP3qM5m4QReluXzhcmovhZnLNm3pyeQlooi02qI7sLiepEYqT678uNiyc25XfCqxREFpy3W7YhQ==}
    dependencies:
      '@types/prop-types': 15.7.4
      '@types/scheduler': 0.16.2
      csstype: 3.0.10

  /@types/scheduler/0.16.2:
    resolution: {integrity: sha512-hppQEBDmlwhFAXKJX2KnWLYu5yMfi91yazPb2l+lbJiwW+wdo1gNeRA+3RgNSO39WYX2euey41KEwnqesU2Jew==}

  /@types/three/0.137.0:
    resolution: {integrity: sha512-Xc5EAlfYmgrCLI/VlSVqiRJAtzhWF0Rw2jSq48nqJy+Hcb5sfDOXyfZn1+RNcHyi9l8CeCAXCZygO8IyeOJVEA==}
    dev: true

  /csstype/3.0.10:
    resolution: {integrity: sha512-2u44ZG2OcNUO9HDp/Jl8C07x6pU/eTR3ncV91SiK3dhG9TWvRVsCoJw14Ckx5DgWkzGA3waZWO3d7pgqpUI/XA==}

  /debounce/1.2.1:
    resolution: {integrity: sha512-XRRe6Glud4rd/ZGQfiV1ruXSfbvfJedlV9Y6zOlP+2K04vBYiJEte6stfFkCP03aMnY5tsipamumUjL14fofug==}
    dev: true

  /events/3.3.0:
    resolution: {integrity: sha512-mQw+2fkQbALzQ7V0MY0IqdnXNOeTtP4r0lN9z7AAawCXgqea7bDii20AYrIBrFd/Hx0M2Ocz6S111CaFkUcb0Q==}
    engines: {node: '>=0.8.x'}
    dev: true

  /fast-deep-equal/3.1.3:
    resolution: {integrity: sha512-f3qQ9oQy9j2AhBe/H9VC91wLmKBCCU/gDOnKNAYG5hswO7BLKj09Hc5HYNz9cGI++xlpDCIgDaitVs03ATR84Q==}
    dev: true

  /js-tokens/4.0.0:
    resolution: {integrity: sha512-RdJUflcE3cUzKiMqQgsCu06FPu9UdIJO0beYbPhHN4k6apgJtifcoCtT9bcxOpYBtpD2kCM6Sbzg4CausW/PKQ==}
    dev: true

  /liqvid/2.0.10_e25ba9e8491ef99f11d224c26b48144e:
    resolution: {integrity: sha512-B5pj/P6RYQdVFAqUplp6c0lW8IdqEeITylmSIj2h5wB9/ff5njhcSgoZ3RjpiNAqbxnOKdna4DqGQVPDtLG9eQ==}
    peerDependencies:
      '@types/react': ^17.0.0
      '@types/react-dom': ^17.0.0
      react: ^17.0.1
      strict-event-emitter-types: ^2.0.0
    dependencies:
      '@types/react': 17.0.38
      '@types/react-dom': 17.0.11
      react: 17.0.2
      strict-event-emitter-types: 2.0.0
    dev: true

  /loose-envify/1.4.0:
    resolution: {integrity: sha512-lyuxPGr/Wfhrlem2CL/UcnUc1zcqKAImBDzukY7Y5F/yQiNdko6+fRLevlw1HgMySw7f611UIY408EtxRSoK3Q==}
    hasBin: true
    dependencies:
      js-tokens: 4.0.0
    dev: true

  /object-assign/4.1.1:
    resolution: {integrity: sha1-IQmtx5ZYh8/AXLvUQsrIv7s2CGM=}
    engines: {node: '>=0.10.0'}
    dev: true

  /react-dom/17.0.2_react@17.0.2:
    resolution: {integrity: sha512-s4h96KtLDUQlsENhMn1ar8t2bEa+q/YAtj8pPPdIjPDGBDIVNsrD9aXNWqspUe6AzKCIG0C1HZZLqLV7qpOBGA==}
    peerDependencies:
      react: 17.0.2
    dependencies:
      loose-envify: 1.4.0
      object-assign: 4.1.1
      react: 17.0.2
      scheduler: 0.20.2
    dev: true

  /react-merge-refs/1.1.0:
    resolution: {integrity: sha512-alTKsjEL0dKH/ru1Iyn7vliS2QRcBp9zZPGoWxUOvRGWPUYgjo+V01is7p04It6KhgrzhJGnIj9GgX8W4bZoCQ==}
    dev: true

  /react-reconciler/0.26.2_react@17.0.2:
    resolution: {integrity: sha512-nK6kgY28HwrMNwDnMui3dvm3rCFjZrcGiuwLc5COUipBK5hWHLOxMJhSnSomirqWwjPBJKV1QcbkI0VJr7Gl1Q==}
    engines: {node: '>=0.10.0'}
    peerDependencies:
      react: ^17.0.2
    dependencies:
      loose-envify: 1.4.0
      object-assign: 4.1.1
      react: 17.0.2
      scheduler: 0.20.2
    dev: true

  /react-three-fiber/0.0.0-deprecated:
    resolution: {integrity: sha512-EblIqTAsIpkYeM8bZtC4lcpTE0A2zCEGipFB52RgcQq/q+0oryrk7Sxt+sqhIjUu6xMNEVywV8dr74lz5yWO6A==}
    dev: true

  /react-use-measure/2.1.1_react-dom@17.0.2+react@17.0.2:
    resolution: {integrity: sha512-nocZhN26cproIiIduswYpV5y5lQpSQS1y/4KuvUCjSKmw7ZWIS/+g3aFnX3WdBkyuGUtTLif3UTqnLLhbDoQig==}
    peerDependencies:
      react: '>=16.13'
      react-dom: '>=16.13'
    dependencies:
      debounce: 1.2.1
      react: 17.0.2
      react-dom: 17.0.2_react@17.0.2
    dev: true

  /react/17.0.2:
    resolution: {integrity: sha512-gnhPt75i/dq/z3/6q/0asP78D0u592D5L1pd7M8P+dck6Fu/jJeL6iVVK23fptSUZj8Vjf++7wXA8UNclGQcbA==}
    engines: {node: '>=0.10.0'}
    dependencies:
      loose-envify: 1.4.0
      object-assign: 4.1.1
    dev: true

  /regenerator-runtime/0.13.9:
    resolution: {integrity: sha512-p3VT+cOEgxFsRRA9X4lkI1E+k2/CtnKtU4gcxyaCUreilL/vqI6CdZ3wxVUx3UOUg+gnUOQQcRI7BmSI656MYA==}
    dev: true

  /resize-observer-polyfill/1.5.1:
    resolution: {integrity: sha512-LwZrotdHOo12nQuZlHEmtuXdqGoOD0OhaxopaNFxWzInpEgaLWoVuAMbTzixuosCx2nEG58ngzW3vxdWoxIgdg==}
    dev: true

  /scheduler/0.20.2:
    resolution: {integrity: sha512-2eWfGgAqqWFGqtdMmcL5zCMK1U8KlXv8SQFGglL3CEtd0aDVDWgeF/YoCmvln55m5zSk3J/20hTaSBeSObsQDQ==}
    dependencies:
      loose-envify: 1.4.0
      object-assign: 4.1.1
    dev: true

  /strict-event-emitter-types/2.0.0:
    resolution: {integrity: sha512-Nk/brWYpD85WlOgzw5h173aci0Teyv8YdIAEtV+N88nDB0dLlazZyJMIsN6eo1/AR61l+p6CJTG1JIyFaoNEEA==}
    dev: true

  /three/0.137.5:
    resolution: {integrity: sha512-rTyr+HDFxjnN8+N/guZjDgfVxgHptZQpf6xfL/Mo7a5JYIFwK6tAq3bzxYYB4Ae0RosDZlDuP+X5aXDXz+XnHQ==}
    dev: true

  /typescript/4.5.5:
    resolution: {integrity: sha512-TCTIul70LyWe6IJWT8QSYeA54WQe8EjQFU4wY52Fasj5UKx88LNYKCgBEHcOMOrFF1rKGbD8v/xcNWVUq9SymA==}
    engines: {node: '>=4.2.0'}
    hasBin: true
    dev: true

  /use-asset/1.0.4_react@17.0.2:
    resolution: {integrity: sha512-7/hqDrWa0iMnCoET9W1T07EmD4Eg/Wmoj/X8TGBc++ECRK4m5yTsjP4O6s0yagbxfqIOuUkIxe2/sA+VR2GxZA==}
    peerDependencies:
      react: '>=17.0'
    dependencies:
      fast-deep-equal: 3.1.3
      react: 17.0.2
    dev: true

  /utility-types/3.10.0:
    resolution: {integrity: sha512-O11mqxmi7wMKCo6HKFt5AhO4BwY3VV68YU07tgxfz8zJTIxr4BpsezN49Ffwy9j3ZpwwJp4fkRwjRzq3uWE6Rg==}
    engines: {node: '>= 4'}
    dev: true

  /zustand/3.6.9_react@17.0.2:
    resolution: {integrity: sha512-OvDNu/jEWpRnEC7k8xh8GKjqYog7td6FZrLMuHs/IeI8WhrCwV+FngVuwMIFhp5kysZXr6emaeReMqjLGaldAQ==}
    engines: {node: '>=12.7.0'}
    peerDependencies:
      react: '>=16.8'
    peerDependenciesMeta:
      react:
        optional: true
    dependencies:
      react: 17.0.2
    dev: true
