# THIS IS AN AUTOGENERATED FILE. DO NOT EDIT THIS FILE DIRECTLY.
# yarn lockfile v1


pepjs@^0.5.3:
  version "0.5.3"
  resolved "https://registry.yarnpkg.com/pepjs/-/pepjs-0.5.3.tgz#dc755f03d965c20e4b1bb65e42a03a97c382cfc7"
  integrity sha512-5yHVB9OHqKd9fr/OIsn8ss0NgThQ9buaqrEuwr9Or5YjPp6h+WTDKWZI+xZLaBGZCtODTnFtlSHNmhFsq67THg==
