# THIS IS AN AUTOGENERATED FILE. DO NOT EDIT THIS FILE DIRECTLY.
# yarn lockfile v1


"@liqvid/playback@^0.0.1":
  version "0.0.1"
  resolved "https://registry.yarnpkg.com/@liqvid/playback/-/playback-0.0.1.tgz#3cc1a1258330b962a38a2f4297947c153b33bb8a"
  integrity sha512-XqmY90VeRmAnsZfPpNWF7jSFUnWeRG9kUy55GLShuoL+87l93n1IClRK2JhPFbZqaf4+PVflRgcsFw1Qrz6rGg==
  dependencies:
    "@liqvid/utils" "*"
    "@types/events" "^3.0.0"
    events "^3.3.0"
    strict-event-emitter-types "^2.0.0"

"@liqvid/utils@*":
  version "0.0.1"
  resolved "https://registry.yarnpkg.com/@liqvid/utils/-/utils-0.0.1.tgz#696cc14f3e630e6dfea0171cda24855667cdd9f8"
  integrity sha512-HsuUQ2cKV3rPt6cOqWehS+NjN1Yqsz4zvPe+UqcrWywKzE+oM0br1ocjnJvpmPgo5A317okhLlByv/J5m9MPIQ==
  dependencies:
    bezier-easing "^2.1.0"

"@types/events@^3.0.0":
  version "3.0.0"
  resolved "https://registry.yarnpkg.com/@types/events/-/events-3.0.0.tgz#2862f3f58a9a7f7c3e78d79f130dd4d71c25c2a7"
  integrity sha512-EaObqwIvayI5a8dCzhFrjKzVwKLxjoG9T6Ppd5CEo07LRKfQ8Yokw54r5+Wq7FaBQ+yXRvQAYPrHwya1/UFt9g==

bezier-easing@^2.1.0:
  version "2.1.0"
  resolved "https://registry.yarnpkg.com/bezier-easing/-/bezier-easing-2.1.0.tgz#c04dfe8b926d6ecaca1813d69ff179b7c2025d86"
  integrity sha1-wE3+i5JtbsrKGBPWn/F5t8ICXYY=

events@^3.3.0:
  version "3.3.0"
  resolved "https://registry.yarnpkg.com/events/-/events-3.3.0.tgz#31a95ad0a924e2d2c419a813aeb2c4e878ea7400"
  integrity sha512-mQw+2fkQbALzQ7V0MY0IqdnXNOeTtP4r0lN9z7AAawCXgqea7bDii20AYrIBrFd/Hx0M2Ocz6S111CaFkUcb0Q==

gsap@^3.9.0:
  version "3.9.0"
  resolved "https://registry.yarnpkg.com/gsap/-/gsap-3.9.0.tgz#c5cf85b686ccfe530bb9f309f1b42efde6cf9841"
  integrity sha512-YfIBNHJu4UHES1Vj780+sXtQuiD78QQwgJqktaXE9PO9OuXz5l4ETz05pnhxUfJcxJy4SUINXJxT9ZZhuYwU2g==

liqvid@^2.0.10:
  version "2.0.10"
  resolved "https://registry.yarnpkg.com/liqvid/-/liqvid-2.0.10.tgz#680dbc0040b2a3fde6f7bdedc785df40ba8fdbcd"
  integrity sha512-B5pj/P6RYQdVFAqUplp6c0lW8IdqEeITylmSIj2h5wB9/ff5njhcSgoZ3RjpiNAqbxnOKdna4DqGQVPDtLG9eQ==

strict-event-emitter-types@^2.0.0:
  version "2.0.0"
  resolved "https://registry.yarnpkg.com/strict-event-emitter-types/-/strict-event-emitter-types-2.0.0.tgz#05e15549cb4da1694478a53543e4e2f4abcf277f"
  integrity sha512-Nk/brWYpD85WlOgzw5h173aci0Teyv8YdIAEtV+N88nDB0dLlazZyJMIsN6eo1/AR61l+p6CJTG1JIyFaoNEEA==
